
Microsoft Visual Studio Solution File, Format Version 12.00
Project("{FAE04EC0-301F-11D3-BF4B-00C04F79EFBC}") = "DocumentGenerationSubsystem.Api", "DocumentGenerationSubsystem.Api\DocumentGenerationSubsystem.Api.csproj", "{18495CF2-FE56-4F73-9500-3DAEAED1D4C1}"
EndProject
Project("{FAE04EC0-301F-11D3-BF4B-00C04F79EFBC}") = "DocumentGenerationSubsystem.Domain", "DocumentGenerationSubsystem.Domain\DocumentGenerationSubsystem.Domain.csproj", "{A202C8A9-2418-4B8E-857B-F9C6C4167D19}"
EndProject
Project("{FAE04EC0-301F-11D3-BF4B-00C04F79EFBC}") = "DocumentGenerationSubsystem.Infrastructure", "DocumentGenerationSubsystem.Infrastructure\DocumentGenerationSubsystem.Infrastructure.csproj", "{8C62A5F1-C00F-40F4-B863-4118345FCF22}"
EndProject
Project("{FAE04EC0-301F-11D3-BF4B-00C04F79EFBC}") = "DocumentGenerationSubsystem.Application", "DocumentGenerationSubsystem.Application\DocumentGenerationSubsystem.Application.csproj", "{BBE30E22-7E17-41EC-B6FC-4C2A9F912E6C}"
EndProject
Project("{2150E333-8FDC-42A3-9474-1A3956D46DE8}") = "DocumentGenerationSubsystem", "DocumentGenerationSubsystem", "{F73C8B0D-80D0-40B1-9F54-8633C5F3EEA4}"
EndProject
Project("{2150E333-8FDC-42A3-9474-1A3956D46DE8}") = "DiplomaControlSystem", "DiplomaControlSystem", "{DE666AC4-15F2-4475-B746-04BCB1D2DCEF}"
EndProject
Project("{FAE04EC0-301F-11D3-BF4B-00C04F79EFBC}") = "DiplomaControlSystem.Api", "DiplomaControlSystem.Api\DiplomaControlSystem.Api.csproj", "{117368BE-B3A2-4594-A1CD-DEF2055497EC}"
EndProject
Global
	GlobalSection(SolutionConfigurationPlatforms) = preSolution
		Debug|Any CPU = Debug|Any CPU
		Release|Any CPU = Release|Any CPU
	EndGlobalSection
	GlobalSection(ProjectConfigurationPlatforms) = postSolution
		{18495CF2-FE56-4F73-9500-3DAEAED1D4C1}.Debug|Any CPU.ActiveCfg = Debug|Any CPU
		{18495CF2-FE56-4F73-9500-3DAEAED1D4C1}.Debug|Any CPU.Build.0 = Debug|Any CPU
		{18495CF2-FE56-4F73-9500-3DAEAED1D4C1}.Release|Any CPU.ActiveCfg = Release|Any CPU
		{18495CF2-FE56-4F73-9500-3DAEAED1D4C1}.Release|Any CPU.Build.0 = Release|Any CPU
		{A202C8A9-2418-4B8E-857B-F9C6C4167D19}.Debug|Any CPU.ActiveCfg = Debug|Any CPU
		{A202C8A9-2418-4B8E-857B-F9C6C4167D19}.Debug|Any CPU.Build.0 = Debug|Any CPU
		{A202C8A9-2418-4B8E-857B-F9C6C4167D19}.Release|Any CPU.ActiveCfg = Release|Any CPU
		{A202C8A9-2418-4B8E-857B-F9C6C4167D19}.Release|Any CPU.Build.0 = Release|Any CPU
		{8C62A5F1-C00F-40F4-B863-4118345FCF22}.Debug|Any CPU.ActiveCfg = Debug|Any CPU
		{8C62A5F1-C00F-40F4-B863-4118345FCF22}.Debug|Any CPU.Build.0 = Debug|Any CPU
		{8C62A5F1-C00F-40F4-B863-4118345FCF22}.Release|Any CPU.ActiveCfg = Release|Any CPU
		{8C62A5F1-C00F-40F4-B863-4118345FCF22}.Release|Any CPU.Build.0 = Release|Any CPU
		{BBE30E22-7E17-41EC-B6FC-4C2A9F912E6C}.Debug|Any CPU.ActiveCfg = Debug|Any CPU
		{BBE30E22-7E17-41EC-B6FC-4C2A9F912E6C}.Debug|Any CPU.Build.0 = Debug|Any CPU
		{BBE30E22-7E17-41EC-B6FC-4C2A9F912E6C}.Release|Any CPU.ActiveCfg = Release|Any CPU
		{BBE30E22-7E17-41EC-B6FC-4C2A9F912E6C}.Release|Any CPU.Build.0 = Release|Any CPU
		{117368BE-B3A2-4594-A1CD-DEF2055497EC}.Debug|Any CPU.ActiveCfg = Debug|Any CPU
		{117368BE-B3A2-4594-A1CD-DEF2055497EC}.Debug|Any CPU.Build.0 = Debug|Any CPU
		{117368BE-B3A2-4594-A1CD-DEF2055497EC}.Release|Any CPU.ActiveCfg = Release|Any CPU
		{117368BE-B3A2-4594-A1CD-DEF2055497EC}.Release|Any CPU.Build.0 = Release|Any CPU
	EndGlobalSection
	GlobalSection(NestedProjects) = preSolution
		{18495CF2-FE56-4F73-9500-3DAEAED1D4C1} = {F73C8B0D-80D0-40B1-9F54-8633C5F3EEA4}
		{BBE30E22-7E17-41EC-B6FC-4C2A9F912E6C} = {F73C8B0D-80D0-40B1-9F54-8633C5F3EEA4}
		{A202C8A9-2418-4B8E-857B-F9C6C4167D19} = {F73C8B0D-80D0-40B1-9F54-8633C5F3EEA4}
		{8C62A5F1-C00F-40F4-B863-4118345FCF22} = {F73C8B0D-80D0-40B1-9F54-8633C5F3EEA4}
		{117368BE-B3A2-4594-A1CD-DEF2055497EC} = {DE666AC4-15F2-4475-B746-04BCB1D2DCEF}
	EndGlobalSection
EndGlobal
